
Microsoft Visual Studio Solution File, Format Version 12.00
# Visual Studio Version 17
VisualStudioVersion = 17.0.31903.59
MinimumVisualStudioVersion = 10.0.40219.1
Project("{FAE04EC0-301F-11D3-BF4B-00C04F79EFBC}") = "WebviewApp", "WebviewApp\WebviewApp.csproj", "{8F6F86A4-07CC-49F5-A946-075A9978EC69}"
EndProject
Global
	GlobalSection(SolutionConfigurationPlatforms) = preSolution
		Debug|Any CPU = Debug|Any CPU
		Release|Any CPU = Release|Any CPU
	EndGlobalSection
	GlobalSection(ProjectConfigurationPlatforms) = postSolution
		{8F6F86A4-07CC-49F5-A946-075A9978EC69}.Debug|Any CPU.ActiveCfg = Debug|Any CPU
		{8F6F86A4-07CC-49F5-A946-075A9978EC69}.Debug|Any CPU.Build.0 = Debug|Any CPU
		{8F6F86A4-07CC-49F5-A946-075A9978EC69}.Release|Any CPU.ActiveCfg = Release|Any CPU
		{8F6F86A4-07CC-49F5-A946-075A9978EC69}.Release|Any CPU.Build.0 = Release|Any CPU
	EndGlobalSection
	GlobalSection(SolutionProperties) = preSolution
		HideSolutionNode = FALSE
	EndGlobalSection
	GlobalSection(ExtensibilityGlobals) = postSolution
		SolutionGuid = {3DA5F170-C53F-42AF-BEAE-A4795338BA5F}
	EndGlobalSection
EndGlobal
